{
  "version": 4,
  "terraform_version": "1.9.5",
  "serial": 493,
  "lineage": "dd1058ec-bde1-9702-d631-0d7ac255ee5e",
  "outputs": {
    "endpoint": {
      "value": "https://7EB5FBA3631423A199099A86F1E0CA1C.gr7.us-east-1.eks.amazonaws.com",
      "type": "string"
    },
    "kubeconfig-certificate-authority-data": {
      "value": "LS0tLS1CRUdJTiBDRVJUSUZJQ0FURS0tLS0tCk1JSURCVENDQWUyZ0F3SUJBZ0lJRkJrY1R3clZQZVV3RFFZSktvWklodmNOQVFFTEJRQXdGVEVUTUJFR0ExVUUKQXhNS2EzVmlaWEp1WlhSbGN6QWVGdzB5TkRBNU1qRXdPVFUyTXpSYUZ3MHpOREE1TVRreE1EQXhNelJhTUJVeApFekFSQmdOVkJBTVRDbXQxWW1WeWJtVjBaWE13Z2dFaU1BMEdDU3FHU0liM0RRRUJBUVVBQTRJQkR3QXdnZ0VLCkFvSUJBUURLL1Z1SnhycUZPQ0kzWHFOemdDN28xTDdZUmVtK1J4Rm1wamhvSE9JcERLM2VtazVObVVNaVBEYWwKZmVpVmRwdFdKOUQzSkxRMkVXckdvS2Rwdm8zVHVMVzh5cGtIeVFjL2xPczBIMU1LSE9mN001S1Z3YzJWdW0zTgoyd1pVVFVzb2IxUmxzbXdzVEh0U1dObDBYQXpyMEljazRLNll1VlJVZ2IxcC9WSUN5RWlVSmw3M09GVHN5YkRiCkZEMDQxdHFTejhWSHRnVFdIL25scUVSRmZsQzhlc1ZYd2NsU3FQcm1vbVA2dnU0dFdOQnR0aUs2OFVqRk5GaFgKMlpYSmxIMHErUXVHRDRqSFR4UlNmdU1kWmp2L3dpeVZqWVlCSHZYSVNyTDl1WFd4M0dzTm11U2ozc2tMQVQveQpYR3ZRbEVNUWxOek40a2xZM3ZsTVJwSVBmdWZsQWdNQkFBR2pXVEJYTUE0R0ExVWREd0VCL3dRRUF3SUNwREFQCkJnTlZIUk1CQWY4RUJUQURBUUgvTUIwR0ExVWREZ1FXQkJUdUhuNlUwbHVnN0dlWVFBRThrVktLRCtqLzZ6QVYKQmdOVkhSRUVEakFNZ2dwcmRXSmxjbTVsZEdWek1BMEdDU3FHU0liM0RRRUJDd1VBQTRJQkFRQ0w0c3VmZVpOQwpkMDZ2V2Fpb1QweGcxemV2TE93S1lBVGUrVCt2WFNRcWZwWXY3R2dwcXdwNG52QmJMZ1Vjd0Izc1dzK0xYcmtqCm9ReVJGbXVHUG1Rajl5OHNDb3cwY1ZkNDJHRlBnakpmTER3bWxBSTVqbG04cUE1TWVIbXlkMGl6Q2EvcDBnWEEKRzEyOVF3Ym5JNzEwNnlnaUUvNVRHdFR4Nlg5R21yZ3pwUncyOGNHSTIrZ0ZYVUY1ZlFVaWhaK0I1ZkF1TkRHcwpsT28zdHNGOTI1cEpnSVpzQXJ6b25URWZxUzJmWlVPaGhZUDJ1K2lVQm9UUkFKTFB4Mm9YVWpUMTBZd3FYSXBVCnYwdnFvcWlrWGVnQUNuWVFqQkRwWUNpNEVwVFh1enF4eUQwNkhVR1RrTmk2WFFiUTYzMDJPU3BhQ0JhZ3VZV1YKZi8zaVRvbjR0SEczCi0tLS0tRU5EIENFUlRJRklDQVRFLS0tLS0K",
      "type": "string"
    }
  },
  "resources": [
    {
      "mode": "data",
      "type": "aws_iam_policy_document",
      "name": "assume_role",
      "provider": "provider[\"registry.terraform.io/hashicorp/aws\"]",
      "instances": [
        {
          "schema_version": 0,
          "attributes": {
            "id": "189502314",
            "json": "{\n  \"Version\": \"2012-10-17\",\n  \"Statement\": [\n    {\n      \"Sid\": \"\",\n      \"Effect\": \"Allow\",\n      \"Action\": \"sts:AssumeRole\",\n      \"Principal\": {\n        \"Service\": \"eks.amazonaws.com\"\n      }\n    }\n  ]\n}",
            "override_json": null,
            "override_policy_documents": null,
            "policy_id": null,
            "source_json": null,
            "source_policy_documents": null,
            "statement": [
              {
                "actions": [
                  "sts:AssumeRole"
                ],
                "condition": [],
                "effect": "Allow",
                "not_actions": [],
                "not_principals": [],
                "not_resources": [],
                "principals": [
                  {
                    "identifiers": [
                      "eks.amazonaws.com"
                    ],
                    "type": "Service"
                  }
                ],
                "resources": [],
                "sid": ""
              }
            ],
            "version": "2012-10-17"
          },
          "sensitive_attributes": []
        }
      ]
    },
    {
      "mode": "managed",
      "type": "aws_eip",
      "name": "eip",
      "provider": "provider[\"registry.terraform.io/hashicorp/aws\"]",
      "instances": [
        {
          "schema_version": 0,
          "attributes": {
            "address": null,
            "allocation_id": "eipalloc-0af0f25bb35a56a6f",
            "associate_with_private_ip": null,
            "association_id": "eipassoc-0e3f1e92a73c48ba4",
            "carrier_ip": "",
            "customer_owned_ip": "",
            "customer_owned_ipv4_pool": "",
            "domain": "vpc",
            "id": "eipalloc-0af0f25bb35a56a6f",
            "instance": "",
            "network_border_group": "us-east-1",
            "network_interface": "eni-0fd063f68b7e210cb",
            "private_dns": "ip-10-0-6-20.ec2.internal",
            "private_ip": "10.0.6.20",
            "public_dns": "ec2-98-83-196-79.compute-1.amazonaws.com",
            "public_ip": "98.83.196.79",
            "public_ipv4_pool": "amazon",
            "tags": {},
            "tags_all": {},
            "timeouts": null,
            "vpc": true
          },
          "sensitive_attributes": [],
          "private": "eyJlMmJmYjczMC1lY2FhLTExZTYtOGY4OC0zNDM2M2JjN2M0YzAiOnsiZGVsZXRlIjoxODAwMDAwMDAwMDAsInJlYWQiOjkwMDAwMDAwMDAwMCwidXBkYXRlIjozMDAwMDAwMDAwMDB9fQ==",
          "dependencies": [
            "aws_internet_gateway.gw",
            "aws_vpc.flyingclub_vpc"
          ]
        }
      ]
    },
    {
      "mode": "managed",
      "type": "aws_eks_cluster",
      "name": "eks_cluster",
      "provider": "provider[\"registry.terraform.io/hashicorp/aws\"]",
      "instances": [
        {
          "schema_version": 0,
          "attributes": {
            "arn": "arn:aws:eks:us-east-1:247940658137:cluster/flyingclub_eks",
            "certificate_authority": [
              {
                "data": "LS0tLS1CRUdJTiBDRVJUSUZJQ0FURS0tLS0tCk1JSURCVENDQWUyZ0F3SUJBZ0lJRkJrY1R3clZQZVV3RFFZSktvWklodmNOQVFFTEJRQXdGVEVUTUJFR0ExVUUKQXhNS2EzVmlaWEp1WlhSbGN6QWVGdzB5TkRBNU1qRXdPVFUyTXpSYUZ3MHpOREE1TVRreE1EQXhNelJhTUJVeApFekFSQmdOVkJBTVRDbXQxWW1WeWJtVjBaWE13Z2dFaU1BMEdDU3FHU0liM0RRRUJBUVVBQTRJQkR3QXdnZ0VLCkFvSUJBUURLL1Z1SnhycUZPQ0kzWHFOemdDN28xTDdZUmVtK1J4Rm1wamhvSE9JcERLM2VtazVObVVNaVBEYWwKZmVpVmRwdFdKOUQzSkxRMkVXckdvS2Rwdm8zVHVMVzh5cGtIeVFjL2xPczBIMU1LSE9mN001S1Z3YzJWdW0zTgoyd1pVVFVzb2IxUmxzbXdzVEh0U1dObDBYQXpyMEljazRLNll1VlJVZ2IxcC9WSUN5RWlVSmw3M09GVHN5YkRiCkZEMDQxdHFTejhWSHRnVFdIL25scUVSRmZsQzhlc1ZYd2NsU3FQcm1vbVA2dnU0dFdOQnR0aUs2OFVqRk5GaFgKMlpYSmxIMHErUXVHRDRqSFR4UlNmdU1kWmp2L3dpeVZqWVlCSHZYSVNyTDl1WFd4M0dzTm11U2ozc2tMQVQveQpYR3ZRbEVNUWxOek40a2xZM3ZsTVJwSVBmdWZsQWdNQkFBR2pXVEJYTUE0R0ExVWREd0VCL3dRRUF3SUNwREFQCkJnTlZIUk1CQWY4RUJUQURBUUgvTUIwR0ExVWREZ1FXQkJUdUhuNlUwbHVnN0dlWVFBRThrVktLRCtqLzZ6QVYKQmdOVkhSRUVEakFNZ2dwcmRXSmxjbTVsZEdWek1BMEdDU3FHU0liM0RRRUJDd1VBQTRJQkFRQ0w0c3VmZVpOQwpkMDZ2V2Fpb1QweGcxemV2TE93S1lBVGUrVCt2WFNRcWZwWXY3R2dwcXdwNG52QmJMZ1Vjd0Izc1dzK0xYcmtqCm9ReVJGbXVHUG1Rajl5OHNDb3cwY1ZkNDJHRlBnakpmTER3bWxBSTVqbG04cUE1TWVIbXlkMGl6Q2EvcDBnWEEKRzEyOVF3Ym5JNzEwNnlnaUUvNVRHdFR4Nlg5R21yZ3pwUncyOGNHSTIrZ0ZYVUY1ZlFVaWhaK0I1ZkF1TkRHcwpsT28zdHNGOTI1cEpnSVpzQXJ6b25URWZxUzJmWlVPaGhZUDJ1K2lVQm9UUkFKTFB4Mm9YVWpUMTBZd3FYSXBVCnYwdnFvcWlrWGVnQUNuWVFqQkRwWUNpNEVwVFh1enF4eUQwNkhVR1RrTmk2WFFiUTYzMDJPU3BhQ0JhZ3VZV1YKZi8zaVRvbjR0SEczCi0tLS0tRU5EIENFUlRJRklDQVRFLS0tLS0K"
              }
            ],
            "created_at": "2024-09-21 09:56:21.315 +0000 UTC",
            "enabled_cluster_log_types": [],
            "encryption_config": [],
            "endpoint": "https://7EB5FBA3631423A199099A86F1E0CA1C.gr7.us-east-1.eks.amazonaws.com",
            "id": "flyingclub_eks",
            "identity": [
              {
                "oidc": [
                  {
                    "issuer": "https://oidc.eks.us-east-1.amazonaws.com/id/7EB5FBA3631423A199099A86F1E0CA1C"
                  }
                ]
              }
            ],
            "kubernetes_network_config": [
              {
                "ip_family": "ipv4",
                "service_ipv4_cidr": "172.20.0.0/16"
              }
            ],
            "name": "flyingclub_eks",
            "platform_version": "eks.8",
            "role_arn": "arn:aws:iam::247940658137:role/flyingclub-eks-cluster-role",
            "status": "ACTIVE",
            "tags": {},
            "tags_all": {},
            "timeouts": null,
            "version": "1.30",
            "vpc_config": [
              {
                "cluster_security_group_id": "sg-003b3c947a9bd5017",
                "endpoint_private_access": false,
                "endpoint_public_access": true,
                "public_access_cidrs": [
                  "0.0.0.0/0"
                ],
                "security_group_ids": [],
                "subnet_ids": [
                  "subnet-03425b7e30468662b",
                  "subnet-0e5f377e66005537f"
                ],
                "vpc_id": "vpc-0786d2c6b22f46378"
              }
            ]
          },
          "sensitive_attributes": [],
          "private": "eyJlMmJmYjczMC1lY2FhLTExZTYtOGY4OC0zNDM2M2JjN2M0YzAiOnsiY3JlYXRlIjoxODAwMDAwMDAwMDAwLCJkZWxldGUiOjkwMDAwMDAwMDAwMCwidXBkYXRlIjozNjAwMDAwMDAwMDAwfX0=",
          "dependencies": [
            "aws_iam_role.eks_cluster_role",
            "aws_iam_role_policy_attachment.eks_cluster_role_AmazonEKSClusterPolicy",
            "aws_iam_role_policy_attachment.eks_cluster_role_AmazonEKSVPCResourceController",
            "aws_subnet.private_subnets",
            "aws_vpc.flyingclub_vpc",
            "data.aws_iam_policy_document.assume_role"
          ]
        }
      ]
    },
    {
      "mode": "managed",
      "type": "aws_eks_node_group",
      "name": "eks_node_group",
      "provider": "provider[\"registry.terraform.io/hashicorp/aws\"]",
      "instances": [
        {
          "schema_version": 0,
          "attributes": {
            "ami_type": "AL2023_x86_64_STANDARD",
            "arn": "arn:aws:eks:us-east-1:247940658137:nodegroup/flyingclub_eks/flyingclub_ng/a4c90a0b-6e16-0e3d-6516-9b6e596b4d90",
            "capacity_type": "ON_DEMAND",
            "cluster_name": "flyingclub_eks",
            "disk_size": 20,
            "force_update_version": null,
            "id": "flyingclub_eks:flyingclub_ng",
            "instance_types": [
              "t2.micro"
            ],
            "labels": {},
            "launch_template": [],
            "node_group_name": "flyingclub_ng",
            "node_group_name_prefix": "",
            "node_role_arn": "arn:aws:iam::247940658137:role/flyingclub-node-role",
            "release_version": "1.30.4-20240917",
            "remote_access": [
              {
                "ec2_ssh_key": "prometheus-server-key",
                "source_security_group_ids": []
              }
            ],
            "resources": [
              {
                "autoscaling_groups": [
                  {
                    "name": "eks-flyingclub_ng-a4c90a0b-6e16-0e3d-6516-9b6e596b4d90"
                  }
                ],
                "remote_access_security_group_id": "sg-0fc45d2f8e52a52b3"
              }
            ],
            "scaling_config": [
              {
                "desired_size": 3,
                "max_size": 4,
                "min_size": 2
              }
            ],
            "status": "ACTIVE",
            "subnet_ids": [
              "subnet-03425b7e30468662b",
              "subnet-0e5f377e66005537f"
            ],
            "tags": {},
            "tags_all": {},
            "taint": [],
            "timeouts": null,
            "update_config": [
              {
                "max_unavailable": 1,
                "max_unavailable_percentage": 0
              }
            ],
            "version": "1.30"
          },
          "sensitive_attributes": [],
          "private": "eyJlMmJmYjczMC1lY2FhLTExZTYtOGY4OC0zNDM2M2JjN2M0YzAiOnsiY3JlYXRlIjozNjAwMDAwMDAwMDAwLCJkZWxldGUiOjM2MDAwMDAwMDAwMDAsInVwZGF0ZSI6MzYwMDAwMDAwMDAwMH19",
          "dependencies": [
            "aws_eks_cluster.eks_cluster",
            "aws_iam_role.eks_cluster_role",
            "aws_iam_role.eks_node_role",
            "aws_iam_role_policy_attachment.eks_cluster_role_AmazonEKSClusterPolicy",
            "aws_iam_role_policy_attachment.eks_cluster_role_AmazonEKSVPCResourceController",
            "aws_iam_role_policy_attachment.eks_node_role_AmazonEC2ContainerRegistryReadOnly",
            "aws_iam_role_policy_attachment.eks_node_role_AmazonEC2ContainerServiceforEC2Role",
            "aws_iam_role_policy_attachment.eks_node_role_AmazonEKSWorkerNodePolicy",
            "aws_iam_role_policy_attachment.eks_node_role_AmazonEKS_CNI_Policy",
            "aws_subnet.private_subnets",
            "aws_vpc.flyingclub_vpc",
            "data.aws_iam_policy_document.assume_role"
          ]
        }
      ]
    },
    {
      "mode": "managed",
      "type": "aws_iam_role",
      "name": "eks_cluster_role",
      "provider": "provider[\"registry.terraform.io/hashicorp/aws\"]",
      "instances": [
        {
          "schema_version": 0,
          "attributes": {
            "arn": "arn:aws:iam::247940658137:role/flyingclub-eks-cluster-role",
            "assume_role_policy": "{\"Version\":\"2012-10-17\",\"Statement\":[{\"Sid\":\"\",\"Effect\":\"Allow\",\"Principal\":{\"Service\":\"eks.amazonaws.com\"},\"Action\":\"sts:AssumeRole\"}]}",
            "create_date": "2024-09-21T09:56:11Z",
            "description": "",
            "force_detach_policies": false,
            "id": "flyingclub-eks-cluster-role",
            "inline_policy": [
              {
                "name": "",
                "policy": ""
              }
            ],
            "managed_policy_arns": [
              "arn:aws:iam::aws:policy/AmazonEKSClusterPolicy",
              "arn:aws:iam::aws:policy/AmazonEKSVPCResourceController"
            ],
            "max_session_duration": 3600,
            "name": "flyingclub-eks-cluster-role",
            "name_prefix": "",
            "path": "/",
            "permissions_boundary": null,
            "tags": {},
            "tags_all": {},
            "unique_id": "AROATTOTKGPM2WRSEBJVP"
          },
          "sensitive_attributes": [],
          "private": "bnVsbA==",
          "dependencies": [
            "data.aws_iam_policy_document.assume_role"
          ]
        }
      ]
    },
    {
      "mode": "managed",
      "type": "aws_iam_role",
      "name": "eks_node_role",
      "provider": "provider[\"registry.terraform.io/hashicorp/aws\"]",
      "instances": [
        {
          "schema_version": 0,
          "attributes": {
            "arn": "arn:aws:iam::247940658137:role/flyingclub-node-role",
            "assume_role_policy": "{\"Version\":\"2012-10-17\",\"Statement\":[{\"Effect\":\"Allow\",\"Principal\":{\"Service\":\"ec2.amazonaws.com\"},\"Action\":\"sts:AssumeRole\"}]}",
            "create_date": "2024-09-21T09:56:11Z",
            "description": "",
            "force_detach_policies": false,
            "id": "flyingclub-node-role",
            "inline_policy": [
              {
                "name": "",
                "policy": ""
              }
            ],
            "managed_policy_arns": [
              "arn:aws:iam::aws:policy/AmazonEC2ContainerRegistryReadOnly",
              "arn:aws:iam::aws:policy/AmazonEKSWorkerNodePolicy",
              "arn:aws:iam::aws:policy/AmazonEKS_CNI_Policy",
              "arn:aws:iam::aws:policy/service-role/AmazonEC2ContainerServiceforEC2Role"
            ],
            "max_session_duration": 3600,
            "name": "flyingclub-node-role",
            "name_prefix": "",
            "path": "/",
            "permissions_boundary": null,
            "tags": {},
            "tags_all": {},
            "unique_id": "AROATTOTKGPM4WJM3JRR6"
          },
          "sensitive_attributes": [],
          "private": "bnVsbA=="
        }
      ]
    },
    {
      "mode": "managed",
      "type": "aws_iam_role_policy_attachment",
      "name": "eks_cluster_role_AmazonEKSClusterPolicy",
      "provider": "provider[\"registry.terraform.io/hashicorp/aws\"]",
      "instances": [
        {
          "schema_version": 0,
          "attributes": {
            "id": "flyingclub-eks-cluster-role-20240921095614505100000005",
            "policy_arn": "arn:aws:iam::aws:policy/AmazonEKSClusterPolicy",
            "role": "flyingclub-eks-cluster-role"
          },
          "sensitive_attributes": [],
          "private": "bnVsbA==",
          "dependencies": [
            "aws_iam_role.eks_cluster_role",
            "data.aws_iam_policy_document.assume_role"
          ]
        }
      ]
    },
    {
      "mode": "managed",
      "type": "aws_iam_role_policy_attachment",
      "name": "eks_cluster_role_AmazonEKSVPCResourceController",
      "provider": "provider[\"registry.terraform.io/hashicorp/aws\"]",
      "instances": [
        {
          "schema_version": 0,
          "attributes": {
            "id": "flyingclub-eks-cluster-role-20240921095614468300000002",
            "policy_arn": "arn:aws:iam::aws:policy/AmazonEKSVPCResourceController",
            "role": "flyingclub-eks-cluster-role"
          },
          "sensitive_attributes": [],
          "private": "bnVsbA==",
          "dependencies": [
            "aws_iam_role.eks_cluster_role",
            "data.aws_iam_policy_document.assume_role"
          ]
        }
      ]
    },
    {
      "mode": "managed",
      "type": "aws_iam_role_policy_attachment",
      "name": "eks_node_role_AmazonEC2ContainerRegistryReadOnly",
      "provider": "provider[\"registry.terraform.io/hashicorp/aws\"]",
      "instances": [
        {
          "schema_version": 0,
          "attributes": {
            "id": "flyingclub-node-role-20240921095614492600000004",
            "policy_arn": "arn:aws:iam::aws:policy/AmazonEC2ContainerRegistryReadOnly",
            "role": "flyingclub-node-role"
          },
          "sensitive_attributes": [],
          "private": "bnVsbA==",
          "dependencies": [
            "aws_iam_role.eks_node_role"
          ]
        }
      ]
    },
    {
      "mode": "managed",
      "type": "aws_iam_role_policy_attachment",
      "name": "eks_node_role_AmazonEC2ContainerServiceforEC2Role",
      "provider": "provider[\"registry.terraform.io/hashicorp/aws\"]",
      "instances": [
        {
          "schema_version": 0,
          "attributes": {
            "id": "flyingclub-node-role-20240921095614476500000003",
            "policy_arn": "arn:aws:iam::aws:policy/service-role/AmazonEC2ContainerServiceforEC2Role",
            "role": "flyingclub-node-role"
          },
          "sensitive_attributes": [],
          "private": "bnVsbA==",
          "dependencies": [
            "aws_iam_role.eks_node_role"
          ]
        }
      ]
    },
    {
      "mode": "managed",
      "type": "aws_iam_role_policy_attachment",
      "name": "eks_node_role_AmazonEKSWorkerNodePolicy",
      "provider": "provider[\"registry.terraform.io/hashicorp/aws\"]",
      "instances": [
        {
          "schema_version": 0,
          "attributes": {
            "id": "flyingclub-node-role-20240921095614460500000001",
            "policy_arn": "arn:aws:iam::aws:policy/AmazonEKSWorkerNodePolicy",
            "role": "flyingclub-node-role"
          },
          "sensitive_attributes": [],
          "private": "bnVsbA==",
          "dependencies": [
            "aws_iam_role.eks_node_role"
          ]
        }
      ]
    },
    {
      "mode": "managed",
      "type": "aws_iam_role_policy_attachment",
      "name": "eks_node_role_AmazonEKS_CNI_Policy",
      "provider": "provider[\"registry.terraform.io/hashicorp/aws\"]",
      "instances": [
        {
          "schema_version": 0,
          "attributes": {
            "id": "flyingclub-node-role-20240921095614508000000006",
            "policy_arn": "arn:aws:iam::aws:policy/AmazonEKS_CNI_Policy",
            "role": "flyingclub-node-role"
          },
          "sensitive_attributes": [],
          "private": "bnVsbA==",
          "dependencies": [
            "aws_iam_role.eks_node_role"
          ]
        }
      ]
    },
    {
      "mode": "managed",
      "type": "aws_internet_gateway",
      "name": "gw",
      "provider": "provider[\"registry.terraform.io/hashicorp/aws\"]",
      "instances": [
        {
          "schema_version": 0,
          "attributes": {
            "arn": "arn:aws:ec2:us-east-1:247940658137:internet-gateway/igw-0626bced7e828dd9c",
            "id": "igw-0626bced7e828dd9c",
            "owner_id": "247940658137",
            "tags": {
              "Name": "fc-igw"
            },
            "tags_all": {
              "Name": "fc-igw"
            },
            "vpc_id": "vpc-0786d2c6b22f46378"
          },
          "sensitive_attributes": [],
          "private": "bnVsbA==",
          "dependencies": [
            "aws_vpc.flyingclub_vpc"
          ]
        }
      ]
    },
    {
      "mode": "managed",
      "type": "aws_nat_gateway",
      "name": "fc_nat_gw",
      "provider": "provider[\"registry.terraform.io/hashicorp/aws\"]",
      "instances": [
        {
          "schema_version": 0,
          "attributes": {
            "allocation_id": "eipalloc-0af0f25bb35a56a6f",
            "connectivity_type": "public",
            "id": "nat-03f6a0c2a815d85c9",
            "network_interface_id": "eni-0fd063f68b7e210cb",
            "private_ip": "10.0.6.20",
            "public_ip": "98.83.196.79",
            "subnet_id": "subnet-0fc2b537444f2377c",
            "tags": {
              "Name": "fc-nat"
            },
            "tags_all": {
              "Name": "fc-nat"
            }
          },
          "sensitive_attributes": [],
          "private": "bnVsbA==",
          "dependencies": [
            "aws_eip.eip",
            "aws_internet_gateway.gw",
            "aws_subnet.public_subnets",
            "aws_vpc.flyingclub_vpc"
          ]
        }
      ]
    },
    {
      "mode": "managed",
      "type": "aws_route_table",
      "name": "private_rtb",
      "provider": "provider[\"registry.terraform.io/hashicorp/aws\"]",
      "instances": [
        {
          "schema_version": 0,
          "attributes": {
            "arn": "arn:aws:ec2:us-east-1:247940658137:route-table/rtb-01f7cbabb77a2b51e",
            "id": "rtb-01f7cbabb77a2b51e",
            "owner_id": "247940658137",
            "propagating_vgws": [],
            "route": [
              {
                "carrier_gateway_id": "",
                "cidr_block": "0.0.0.0/0",
                "destination_prefix_list_id": "",
                "egress_only_gateway_id": "",
                "gateway_id": "nat-03f6a0c2a815d85c9",
                "instance_id": "",
                "ipv6_cidr_block": "",
                "local_gateway_id": "",
                "nat_gateway_id": "",
                "network_interface_id": "",
                "transit_gateway_id": "",
                "vpc_endpoint_id": "",
                "vpc_peering_connection_id": ""
              }
            ],
            "tags": {
              "Name": "private_rtb"
            },
            "tags_all": {
              "Name": "private_rtb"
            },
            "timeouts": null,
            "vpc_id": "vpc-0786d2c6b22f46378"
          },
          "sensitive_attributes": [],
          "private": "eyJlMmJmYjczMC1lY2FhLTExZTYtOGY4OC0zNDM2M2JjN2M0YzAiOnsiY3JlYXRlIjozMDAwMDAwMDAwMDAsImRlbGV0ZSI6MzAwMDAwMDAwMDAwLCJ1cGRhdGUiOjEyMDAwMDAwMDAwMH19",
          "dependencies": [
            "aws_eip.eip",
            "aws_internet_gateway.gw",
            "aws_nat_gateway.fc_nat_gw",
            "aws_subnet.public_subnets",
            "aws_vpc.flyingclub_vpc"
          ]
        }
      ]
    },
    {
      "mode": "managed",
      "type": "aws_route_table",
      "name": "public_rtb",
      "provider": "provider[\"registry.terraform.io/hashicorp/aws\"]",
      "instances": [
        {
          "schema_version": 0,
          "attributes": {
            "arn": "arn:aws:ec2:us-east-1:247940658137:route-table/rtb-04414031169ec358c",
            "id": "rtb-04414031169ec358c",
            "owner_id": "247940658137",
            "propagating_vgws": [],
            "route": [
              {
                "carrier_gateway_id": "",
                "cidr_block": "0.0.0.0/0",
                "destination_prefix_list_id": "",
                "egress_only_gateway_id": "",
                "gateway_id": "igw-0626bced7e828dd9c",
                "instance_id": "",
                "ipv6_cidr_block": "",
                "local_gateway_id": "",
                "nat_gateway_id": "",
                "network_interface_id": "",
                "transit_gateway_id": "",
                "vpc_endpoint_id": "",
                "vpc_peering_connection_id": ""
              }
            ],
            "tags": {
              "Name": "public_rtb"
            },
            "tags_all": {
              "Name": "public_rtb"
            },
            "timeouts": null,
            "vpc_id": "vpc-0786d2c6b22f46378"
          },
          "sensitive_attributes": [],
          "private": "eyJlMmJmYjczMC1lY2FhLTExZTYtOGY4OC0zNDM2M2JjN2M0YzAiOnsiY3JlYXRlIjozMDAwMDAwMDAwMDAsImRlbGV0ZSI6MzAwMDAwMDAwMDAwLCJ1cGRhdGUiOjEyMDAwMDAwMDAwMH19",
          "dependencies": [
            "aws_internet_gateway.gw",
            "aws_vpc.flyingclub_vpc"
          ]
        }
      ]
    },
    {
      "mode": "managed",
      "type": "aws_route_table_association",
      "name": "rtb_association_private_subnet",
      "provider": "provider[\"registry.terraform.io/hashicorp/aws\"]",
      "instances": [
        {
          "index_key": 0,
          "schema_version": 0,
          "attributes": {
            "gateway_id": "",
            "id": "rtbassoc-04edce4e73eef44dc",
            "route_table_id": "rtb-01f7cbabb77a2b51e",
            "subnet_id": "subnet-03425b7e30468662b"
          },
          "sensitive_attributes": [],
          "private": "bnVsbA==",
          "dependencies": [
            "aws_eip.eip",
            "aws_internet_gateway.gw",
            "aws_nat_gateway.fc_nat_gw",
            "aws_route_table.private_rtb",
            "aws_subnet.private_subnets",
            "aws_subnet.public_subnets",
            "aws_vpc.flyingclub_vpc"
          ]
        },
        {
          "index_key": 1,
          "schema_version": 0,
          "attributes": {
            "gateway_id": "",
            "id": "rtbassoc-034ee65a7af7c7306",
            "route_table_id": "rtb-01f7cbabb77a2b51e",
            "subnet_id": "subnet-0e5f377e66005537f"
          },
          "sensitive_attributes": [],
          "private": "bnVsbA==",
          "dependencies": [
            "aws_eip.eip",
            "aws_internet_gateway.gw",
            "aws_nat_gateway.fc_nat_gw",
            "aws_route_table.private_rtb",
            "aws_subnet.private_subnets",
            "aws_subnet.public_subnets",
            "aws_vpc.flyingclub_vpc"
          ]
        }
      ]
    },
    {
      "mode": "managed",
      "type": "aws_route_table_association",
      "name": "rtb_association_public_subnet",
      "provider": "provider[\"registry.terraform.io/hashicorp/aws\"]",
      "instances": [
        {
          "index_key": 0,
          "schema_version": 0,
          "attributes": {
            "gateway_id": "",
            "id": "rtbassoc-0ef3ae537a8965b34",
            "route_table_id": "rtb-04414031169ec358c",
            "subnet_id": "subnet-0fc2b537444f2377c"
          },
          "sensitive_attributes": [],
          "private": "bnVsbA==",
          "dependencies": [
            "aws_internet_gateway.gw",
            "aws_route_table.public_rtb",
            "aws_subnet.public_subnets",
            "aws_vpc.flyingclub_vpc"
          ]
        },
        {
          "index_key": 1,
          "schema_version": 0,
          "attributes": {
            "gateway_id": "",
            "id": "rtbassoc-09460889f285b6f3c",
            "route_table_id": "rtb-04414031169ec358c",
            "subnet_id": "subnet-0862e8382d87aa7be"
          },
          "sensitive_attributes": [],
          "private": "bnVsbA==",
          "dependencies": [
            "aws_internet_gateway.gw",
            "aws_route_table.public_rtb",
            "aws_subnet.public_subnets",
            "aws_vpc.flyingclub_vpc"
          ]
        }
      ]
    },
    {
      "mode": "managed",
      "type": "aws_subnet",
      "name": "private_subnets",
      "provider": "provider[\"registry.terraform.io/hashicorp/aws\"]",
      "instances": [
        {
          "index_key": 0,
          "schema_version": 1,
          "attributes": {
            "arn": "arn:aws:ec2:us-east-1:247940658137:subnet/subnet-03425b7e30468662b",
            "assign_ipv6_address_on_creation": false,
            "availability_zone": "us-east-1a",
            "availability_zone_id": "use1-az1",
            "cidr_block": "10.0.128.0/20",
            "customer_owned_ipv4_pool": "",
            "enable_dns64": false,
            "enable_resource_name_dns_a_record_on_launch": false,
            "enable_resource_name_dns_aaaa_record_on_launch": false,
            "id": "subnet-03425b7e30468662b",
            "ipv6_cidr_block": "",
            "ipv6_cidr_block_association_id": "",
            "ipv6_native": false,
            "map_customer_owned_ip_on_launch": false,
            "map_public_ip_on_launch": false,
            "outpost_arn": "",
            "owner_id": "247940658137",
            "private_dns_hostname_type_on_launch": "ip-name",
            "tags": {
              "Name": "private_subnet_01"
            },
            "tags_all": {
              "Name": "private_subnet_01"
            },
            "timeouts": null,
            "vpc_id": "vpc-0786d2c6b22f46378"
          },
          "sensitive_attributes": [],
          "private": "eyJlMmJmYjczMC1lY2FhLTExZTYtOGY4OC0zNDM2M2JjN2M0YzAiOnsiY3JlYXRlIjo2MDAwMDAwMDAwMDAsImRlbGV0ZSI6MTIwMDAwMDAwMDAwMH0sInNjaGVtYV92ZXJzaW9uIjoiMSJ9",
          "dependencies": [
            "aws_vpc.flyingclub_vpc"
          ]
        },
        {
          "index_key": 1,
          "schema_version": 1,
          "attributes": {
            "arn": "arn:aws:ec2:us-east-1:247940658137:subnet/subnet-0e5f377e66005537f",
            "assign_ipv6_address_on_creation": false,
            "availability_zone": "us-east-1b",
            "availability_zone_id": "use1-az2",
            "cidr_block": "10.0.144.0/20",
            "customer_owned_ipv4_pool": "",
            "enable_dns64": false,
            "enable_resource_name_dns_a_record_on_launch": false,
            "enable_resource_name_dns_aaaa_record_on_launch": false,
            "id": "subnet-0e5f377e66005537f",
            "ipv6_cidr_block": "",
            "ipv6_cidr_block_association_id": "",
            "ipv6_native": false,
            "map_customer_owned_ip_on_launch": false,
            "map_public_ip_on_launch": false,
            "outpost_arn": "",
            "owner_id": "247940658137",
            "private_dns_hostname_type_on_launch": "ip-name",
            "tags": {
              "Name": "private_subnet_02"
            },
            "tags_all": {
              "Name": "private_subnet_02"
            },
            "timeouts": null,
            "vpc_id": "vpc-0786d2c6b22f46378"
          },
          "sensitive_attributes": [],
          "private": "eyJlMmJmYjczMC1lY2FhLTExZTYtOGY4OC0zNDM2M2JjN2M0YzAiOnsiY3JlYXRlIjo2MDAwMDAwMDAwMDAsImRlbGV0ZSI6MTIwMDAwMDAwMDAwMH0sInNjaGVtYV92ZXJzaW9uIjoiMSJ9",
          "dependencies": [
            "aws_vpc.flyingclub_vpc"
          ]
        }
      ]
    },
    {
      "mode": "managed",
      "type": "aws_subnet",
      "name": "public_subnets",
      "provider": "provider[\"registry.terraform.io/hashicorp/aws\"]",
      "instances": [
        {
          "index_key": 0,
          "schema_version": 1,
          "attributes": {
            "arn": "arn:aws:ec2:us-east-1:247940658137:subnet/subnet-0fc2b537444f2377c",
            "assign_ipv6_address_on_creation": false,
            "availability_zone": "us-east-1a",
            "availability_zone_id": "use1-az1",
            "cidr_block": "10.0.0.0/20",
            "customer_owned_ipv4_pool": "",
            "enable_dns64": false,
            "enable_resource_name_dns_a_record_on_launch": false,
            "enable_resource_name_dns_aaaa_record_on_launch": false,
            "id": "subnet-0fc2b537444f2377c",
            "ipv6_cidr_block": "",
            "ipv6_cidr_block_association_id": "",
            "ipv6_native": false,
            "map_customer_owned_ip_on_launch": false,
            "map_public_ip_on_launch": true,
            "outpost_arn": "",
            "owner_id": "247940658137",
            "private_dns_hostname_type_on_launch": "ip-name",
            "tags": {
              "Name": "public_subnet_01"
            },
            "tags_all": {
              "Name": "public_subnet_01"
            },
            "timeouts": null,
            "vpc_id": "vpc-0786d2c6b22f46378"
          },
          "sensitive_attributes": [],
          "private": "eyJlMmJmYjczMC1lY2FhLTExZTYtOGY4OC0zNDM2M2JjN2M0YzAiOnsiY3JlYXRlIjo2MDAwMDAwMDAwMDAsImRlbGV0ZSI6MTIwMDAwMDAwMDAwMH0sInNjaGVtYV92ZXJzaW9uIjoiMSJ9",
          "dependencies": [
            "aws_vpc.flyingclub_vpc"
          ]
        },
        {
          "index_key": 1,
          "schema_version": 1,
          "attributes": {
            "arn": "arn:aws:ec2:us-east-1:247940658137:subnet/subnet-0862e8382d87aa7be",
            "assign_ipv6_address_on_creation": false,
            "availability_zone": "us-east-1b",
            "availability_zone_id": "use1-az2",
            "cidr_block": "10.0.16.0/20",
            "customer_owned_ipv4_pool": "",
            "enable_dns64": false,
            "enable_resource_name_dns_a_record_on_launch": false,
            "enable_resource_name_dns_aaaa_record_on_launch": false,
            "id": "subnet-0862e8382d87aa7be",
            "ipv6_cidr_block": "",
            "ipv6_cidr_block_association_id": "",
            "ipv6_native": false,
            "map_customer_owned_ip_on_launch": false,
            "map_public_ip_on_launch": true,
            "outpost_arn": "",
            "owner_id": "247940658137",
            "private_dns_hostname_type_on_launch": "ip-name",
            "tags": {
              "Name": "public_subnet_02"
            },
            "tags_all": {
              "Name": "public_subnet_02"
            },
            "timeouts": null,
            "vpc_id": "vpc-0786d2c6b22f46378"
          },
          "sensitive_attributes": [],
          "private": "eyJlMmJmYjczMC1lY2FhLTExZTYtOGY4OC0zNDM2M2JjN2M0YzAiOnsiY3JlYXRlIjo2MDAwMDAwMDAwMDAsImRlbGV0ZSI6MTIwMDAwMDAwMDAwMH0sInNjaGVtYV92ZXJzaW9uIjoiMSJ9",
          "dependencies": [
            "aws_vpc.flyingclub_vpc"
          ]
        }
      ]
    },
    {
      "mode": "managed",
      "type": "aws_vpc",
      "name": "flyingclub_vpc",
      "provider": "provider[\"registry.terraform.io/hashicorp/aws\"]",
      "instances": [
        {
          "schema_version": 1,
          "attributes": {
            "arn": "arn:aws:ec2:us-east-1:247940658137:vpc/vpc-0786d2c6b22f46378",
            "assign_generated_ipv6_cidr_block": false,
            "cidr_block": "10.0.0.0/16",
            "default_network_acl_id": "acl-0fa9801d10a823bf8",
            "default_route_table_id": "rtb-0975fb0cb0a085a5e",
            "default_security_group_id": "sg-0911da053cf84917b",
            "dhcp_options_id": "dopt-0b91f249f5331bb16",
            "enable_classiclink": false,
            "enable_classiclink_dns_support": false,
            "enable_dns_hostnames": false,
            "enable_dns_support": true,
            "id": "vpc-0786d2c6b22f46378",
            "instance_tenancy": "default",
            "ipv4_ipam_pool_id": null,
            "ipv4_netmask_length": null,
            "ipv6_association_id": "",
            "ipv6_cidr_block": "",
            "ipv6_cidr_block_network_border_group": "",
            "ipv6_ipam_pool_id": "",
            "ipv6_netmask_length": 0,
            "main_route_table_id": "rtb-0975fb0cb0a085a5e",
            "owner_id": "247940658137",
            "tags": {
              "Name": "flyingclub-vpc"
            },
            "tags_all": {
              "Name": "flyingclub-vpc"
            }
          },
          "sensitive_attributes": [],
          "private": "eyJzY2hlbWFfdmVyc2lvbiI6IjEifQ=="
        }
      ]
    }
  ],
  "check_results": null
}
